
Microsoft Visual Studio Solution File, Format Version 12.00
# Visual Studio Version 16
VisualStudioVersion = 16.0.29209.62
MinimumVisualStudioVersion = 10.0.40219.1
Project("{FAE04EC0-301F-11D3-BF4B-00C04F79EFBC}") = "Assignment", "Assignment.csproj", "{6B427ED8-0B8A-4063-903E-F590E43C3B2D}"
EndProject
Global
	GlobalSection(SolutionConfigurationPlatforms) = preSolution
		Debug|Any CPU = Debug|Any CPU
		Release|Any CPU = Release|Any CPU
	EndGlobalSection
	GlobalSection(ProjectConfigurationPlatforms) = postSolution
		{6B427ED8-0B8A-4063-903E-F590E43C3B2D}.Debug|Any CPU.ActiveCfg = Debug|Any CPU
		{6B427ED8-0B8A-4063-903E-F590E43C3B2D}.Debug|Any CPU.Build.0 = Debug|Any CPU
		{6B427ED8-0B8A-4063-903E-F590E43C3B2D}.Release|Any CPU.ActiveCfg = Release|Any CPU
		{6B427ED8-0B8A-4063-903E-F590E43C3B2D}.Release|Any CPU.Build.0 = Release|Any CPU
	EndGlobalSection
	GlobalSection(SolutionProperties) = preSolution
		HideSolutionNode = FALSE
	EndGlobalSection
	GlobalSection(ExtensibilityGlobals) = postSolution
		SolutionGuid = {40D87335-FAB2-4738-A7EC-34E36BE2D78E}
	EndGlobalSection
EndGlobal
